
Microsoft Visual Studio Solution File, Format Version 12.00
# Visual Studio Version 17
Project("{8BC9CEB8-8B4A-11D0-8D11-00A0C91BC942}") = "ALL_BUILD", "ALL_BUILD.vcxproj", "{04299A58-DF13-3BCD-BD70-39C9F8F8256D}"
	ProjectSection(ProjectDependencies) = postProject
		{EA712AE4-8EC0-3E21-9119-30A2A33D43E6} = {EA712AE4-8EC0-3E21-9119-30A2A33D43E6}
	EndProjectSection
EndProject
Project("{8BC9CEB8-8B4A-11D0-8D11-00A0C91BC942}") = "MathModule", "MathModule.vcxproj", "{EA712AE4-8EC0-3E21-9119-30A2A33D43E6}"
	ProjectSection(ProjectDependencies) = postProject
	EndProjectSection
EndProject
Global
	GlobalSection(SolutionConfigurationPlatforms) = preSolution
		Debug|x64 = Debug|x64
		Release|x64 = Release|x64
		MinSizeRel|x64 = MinSizeRel|x64
		RelWithDebInfo|x64 = RelWithDebInfo|x64
	EndGlobalSection
	GlobalSection(ProjectConfigurationPlatforms) = postSolution
		{04299A58-DF13-3BCD-BD70-39C9F8F8256D}.Debug|x64.ActiveCfg = Debug|x64
		{04299A58-DF13-3BCD-BD70-39C9F8F8256D}.Release|x64.ActiveCfg = Release|x64
		{04299A58-DF13-3BCD-BD70-39C9F8F8256D}.MinSizeRel|x64.ActiveCfg = MinSizeRel|x64
		{04299A58-DF13-3BCD-BD70-39C9F8F8256D}.RelWithDebInfo|x64.ActiveCfg = RelWithDebInfo|x64
		{EA712AE4-8EC0-3E21-9119-30A2A33D43E6}.Debug|x64.ActiveCfg = Debug|x64
		{EA712AE4-8EC0-3E21-9119-30A2A33D43E6}.Debug|x64.Build.0 = Debug|x64
		{EA712AE4-8EC0-3E21-9119-30A2A33D43E6}.Release|x64.ActiveCfg = Release|x64
		{EA712AE4-8EC0-3E21-9119-30A2A33D43E6}.Release|x64.Build.0 = Release|x64
		{EA712AE4-8EC0-3E21-9119-30A2A33D43E6}.MinSizeRel|x64.ActiveCfg = MinSizeRel|x64
		{EA712AE4-8EC0-3E21-9119-30A2A33D43E6}.MinSizeRel|x64.Build.0 = MinSizeRel|x64
		{EA712AE4-8EC0-3E21-9119-30A2A33D43E6}.RelWithDebInfo|x64.ActiveCfg = RelWithDebInfo|x64
		{EA712AE4-8EC0-3E21-9119-30A2A33D43E6}.RelWithDebInfo|x64.Build.0 = RelWithDebInfo|x64
	EndGlobalSection
	GlobalSection(ExtensibilityGlobals) = postSolution
		SolutionGuid = {70423E27-CFD0-3E1B-8AE8-B191FC343C96}
	EndGlobalSection
	GlobalSection(ExtensibilityAddIns) = postSolution
	EndGlobalSection
EndGlobal
